
Microsoft Visual Studio Solution File, Format Version 12.00
# Visual Studio Version 17
VisualStudioVersion = 17.0.32126.317
MinimumVisualStudioVersion = 10.0.40219.1
Project("{FAE04EC0-301F-11D3-BF4B-00C04F79EFBC}") = "BingoGame", "BingoGame\BingoGame.csproj", "{10A8BAA3-B040-4CC8-B297-BCE867E4609B}"
EndProject
Global
	GlobalSection(SolutionConfigurationPlatforms) = preSolution
		Debug|Any CPU = Debug|Any CPU
		Release|Any CPU = Release|Any CPU
	EndGlobalSection
	GlobalSection(ProjectConfigurationPlatforms) = postSolution
		{10A8BAA3-B040-4CC8-B297-BCE867E4609B}.Debug|Any CPU.ActiveCfg = Debug|Any CPU
		{10A8BAA3-B040-4CC8-B297-BCE867E4609B}.Debug|Any CPU.Build.0 = Debug|Any CPU
		{10A8BAA3-B040-4CC8-B297-BCE867E4609B}.Release|Any CPU.ActiveCfg = Release|Any CPU
		{10A8BAA3-B040-4CC8-B297-BCE867E4609B}.Release|Any CPU.Build.0 = Release|Any CPU
	EndGlobalSection
	GlobalSection(SolutionProperties) = preSolution
		HideSolutionNode = FALSE
	EndGlobalSection
	GlobalSection(ExtensibilityGlobals) = postSolution
		SolutionGuid = {9680C1EC-F342-409C-AE38-93CC4417C441}
	EndGlobalSection
EndGlobal
